{
    "name": "itak",
    "version": "0.1.0",
    "lockfileVersion": 3,
    "requires": true,
    "packages": {
        "": {
            "name": "itak",
            "version": "0.1.0",
            "hasInstallScript": true,
            "license": "MIT",
            "os": [
                "darwin",
                "linux",
                "win32"
            ],
            "bin": {
                "itak": "bin/itak.js"
            },
            "engines": {
                "node": ">=16.0.0"
            }
        }
    }
}
